// !$*UTF8*$!
{
	archiveVersion = 1;
	classes = {
	};
	objectVersion = 48;
	objects = {

/* Begin PBXBuildFile section */
		140CD2BB20526123004E0D15 /* YJQRecommandViewController.swift in Sources */ = {isa = PBXBuildFile; fileRef = 140CD2BA20526123004E0D15 /* YJQRecommandViewController.swift */; };
		140CD2BD20526D53004E0D15 /* YJQHeaderCollectionReusableView.swift in Sources */ = {isa = PBXBuildFile; fileRef = 140CD2BC20526D53004E0D15 /* YJQHeaderCollectionReusableView.swift */; };
		1459D03C204F824700BC38BE /* AppDelegate.swift in Sources */ = {isa = PBXBuildFile; fileRef = 1459D03B204F824700BC38BE /* AppDelegate.swift */; };
		1459D043204F824700BC38BE /* Assets.xcassets in Resources */ = {isa = PBXBuildFile; fileRef = 1459D042204F824700BC38BE /* Assets.xcassets */; };
		1459D06A204F8A7D00BC38BE /* YJQTabBarViewController.swift in Sources */ = {isa = PBXBuildFile; fileRef = 1459D069204F8A7D00BC38BE /* YJQTabBarViewController.swift */; };
		1459D06C204F8AA200BC38BE /* YJQNaVViewController.swift in Sources */ = {isa = PBXBuildFile; fileRef = 1459D06B204F8AA200BC38BE /* YJQNaVViewController.swift */; };
		1459D06E204F8AF700BC38BE /* YJQHomeViewController.swift in Sources */ = {isa = PBXBuildFile; fileRef = 1459D06D204F8AF700BC38BE /* YJQHomeViewController.swift */; };
		1459D070204F8B0600BC38BE /* YJQLiveViewController.swift in Sources */ = {isa = PBXBuildFile; fileRef = 1459D06F204F8B0600BC38BE /* YJQLiveViewController.swift */; };
		1459D072204F8B1600BC38BE /* YJQFollowViewController.swift in Sources */ = {isa = PBXBuildFile; fileRef = 1459D071204F8B1600BC38BE /* YJQFollowViewController.swift */; };
		1459D074204F8B2C00BC38BE /* YJQProfileViewController.swift in Sources */ = {isa = PBXBuildFile; fileRef = 1459D073204F8B2C00BC38BE /* YJQProfileViewController.swift */; };
		1459D077204F973200BC38BE /* Common.swift in Sources */ = {isa = PBXBuildFile; fileRef = 1459D076204F973200BC38BE /* Common.swift */; };
		1459D079204F976E00BC38BE /* UIBarButtonItem+Extension.swift in Sources */ = {isa = PBXBuildFile; fileRef = 1459D078204F976E00BC38BE /* UIBarButtonItem+Extension.swift */; };
		1459D07B204FB4E700BC38BE /* YJQPageTitleView.swift in Sources */ = {isa = PBXBuildFile; fileRef = 1459D07A204FB4E700BC38BE /* YJQPageTitleView.swift */; };
		1459D07D204FB6D400BC38BE /* UIColor+Extension.swift in Sources */ = {isa = PBXBuildFile; fileRef = 1459D07C204FB6D400BC38BE /* UIColor+Extension.swift */; };
		1459D07F2050D65200BC38BE /* YJQPageContentView.swift in Sources */ = {isa = PBXBuildFile; fileRef = 1459D07E2050D65200BC38BE /* YJQPageContentView.swift */; };
		888B24D4E4DEEEEDADC846FF /* Pods_DYZB.framework in Frameworks */ = {isa = PBXBuildFile; fileRef = C36ADEFD66C45142A61F7BDC /* Pods_DYZB.framework */; };
/* End PBXBuildFile section */

/* Begin PBXFileReference section */
		0041A88368633407CBFC67E1 /* Pods-DYZB.debug.xcconfig */ = {isa = PBXFileReference; includeInIndex = 1; lastKnownFileType = text.xcconfig; name = "Pods-DYZB.debug.xcconfig"; path = "Pods/Target Support Files/Pods-DYZB/Pods-DYZB.debug.xcconfig"; sourceTree = "<group>"; };
		140CD2BA20526123004E0D15 /* YJQRecommandViewController.swift */ = {isa = PBXFileReference; lastKnownFileType = sourcecode.swift; path = YJQRecommandViewController.swift; sourceTree = "<group>"; };
		140CD2BC20526D53004E0D15 /* YJQHeaderCollectionReusableView.swift */ = {isa = PBXFileReference; lastKnownFileType = sourcecode.swift; path = YJQHeaderCollectionReusableView.swift; sourceTree = "<group>"; };
		1459D038204F824700BC38BE /* DYZB.app */ = {isa = PBXFileReference; explicitFileType = wrapper.application; includeInIndex = 0; path = DYZB.app; sourceTree = BUILT_PRODUCTS_DIR; };
		1459D03B204F824700BC38BE /* AppDelegate.swift */ = {isa = PBXFileReference; lastKnownFileType = sourcecode.swift; path = AppDelegate.swift; sourceTree = "<group>"; };
		1459D042204F824700BC38BE /* Assets.xcassets */ = {isa = PBXFileReference; lastKnownFileType = folder.assetcatalog; path = Assets.xcassets; sourceTree = "<group>"; };
		1459D047204F824700BC38BE /* Info.plist */ = {isa = PBXFileReference; lastKnownFileType = text.plist.xml; path = Info.plist; sourceTree = "<group>"; };
		1459D069204F8A7D00BC38BE /* YJQTabBarViewController.swift */ = {isa = PBXFileReference; lastKnownFileType = sourcecode.swift; path = YJQTabBarViewController.swift; sourceTree = "<group>"; };
		1459D06B204F8AA200BC38BE /* YJQNaVViewController.swift */ = {isa = PBXFileReference; lastKnownFileType = sourcecode.swift; path = YJQNaVViewController.swift; sourceTree = "<group>"; };
		1459D06D204F8AF700BC38BE /* YJQHomeViewController.swift */ = {isa = PBXFileReference; lastKnownFileType = sourcecode.swift; path = YJQHomeViewController.swift; sourceTree = "<group>"; };
		1459D06F204F8B0600BC38BE /* YJQLiveViewController.swift */ = {isa = PBXFileReference; lastKnownFileType = sourcecode.swift; path = YJQLiveViewController.swift; sourceTree = "<group>"; };
		1459D071204F8B1600BC38BE /* YJQFollowViewController.swift */ = {isa = PBXFileReference; lastKnownFileType = sourcecode.swift; path = YJQFollowViewController.swift; sourceTree = "<group>"; };
		1459D073204F8B2C00BC38BE /* YJQProfileViewController.swift */ = {isa = PBXFileReference; lastKnownFileType = sourcecode.swift; path = YJQProfileViewController.swift; sourceTree = "<group>"; };
		1459D076204F973200BC38BE /* Common.swift */ = {isa = PBXFileReference; lastKnownFileType = sourcecode.swift; path = Common.swift; sourceTree = "<group>"; };
		1459D078204F976E00BC38BE /* UIBarButtonItem+Extension.swift */ = {isa = PBXFileReference; lastKnownFileType = sourcecode.swift; path = "UIBarButtonItem+Extension.swift"; sourceTree = "<group>"; };
		1459D07A204FB4E700BC38BE /* YJQPageTitleView.swift */ = {isa = PBXFileReference; lastKnownFileType = sourcecode.swift; path = YJQPageTitleView.swift; sourceTree = "<group>"; };
		1459D07C204FB6D400BC38BE /* UIColor+Extension.swift */ = {isa = PBXFileReference; lastKnownFileType = sourcecode.swift; path = "UIColor+Extension.swift"; sourceTree = "<group>"; };
		1459D07E2050D65200BC38BE /* YJQPageContentView.swift */ = {isa = PBXFileReference; lastKnownFileType = sourcecode.swift; path = YJQPageContentView.swift; sourceTree = "<group>"; };
		5AC92F7F54D862289D14432E /* Pods-DYZB.release.xcconfig */ = {isa = PBXFileReference; includeInIndex = 1; lastKnownFileType = text.xcconfig; name = "Pods-DYZB.release.xcconfig"; path = "Pods/Target Support Files/Pods-DYZB/Pods-DYZB.release.xcconfig"; sourceTree = "<group>"; };
		C36ADEFD66C45142A61F7BDC /* Pods_DYZB.framework */ = {isa = PBXFileReference; explicitFileType = wrapper.framework; includeInIndex = 0; path = Pods_DYZB.framework; sourceTree = BUILT_PRODUCTS_DIR; };
/* End PBXFileReference section */

/* Begin PBXFrameworksBuildPhase section */
		1459D035204F824700BC38BE /* Frameworks */ = {
			isa = PBXFrameworksBuildPhase;
			buildActionMask = 2147483647;
			files = (
				888B24D4E4DEEEEDADC846FF /* Pods_DYZB.framework in Frameworks */,
			);
			runOnlyForDeploymentPostprocessing = 0;
		};
/* End PBXFrameworksBuildPhase section */

/* Begin PBXGroup section */
		1459D02F204F824700BC38BE = {
			isa = PBXGroup;
			children = (
				1459D03A204F824700BC38BE /* DYZB */,
				1459D039204F824700BC38BE /* Products */,
				AA30FD1D8CDCC2182D0B5815 /* Pods */,
				3EEB471E40E894B6204CFC36 /* Frameworks */,
			);
			sourceTree = "<group>";
		};
		1459D039204F824700BC38BE /* Products */ = {
			isa = PBXGroup;
			children = (
				1459D038204F824700BC38BE /* DYZB.app */,
			);
			name = Products;
			sourceTree = "<group>";
		};
		1459D03A204F824700BC38BE /* DYZB */ = {
			isa = PBXGroup;
			children = (
				1459D03B204F824700BC38BE /* AppDelegate.swift */,
				1459D04D204F88EE00BC38BE /* Classes */,
				1459D042204F824700BC38BE /* Assets.xcassets */,
				1459D047204F824700BC38BE /* Info.plist */,
			);
			path = DYZB;
			sourceTree = "<group>";
		};
		1459D04D204F88EE00BC38BE /* Classes */ = {
			isa = PBXGroup;
			children = (
				1459D05A204F88EE00BC38BE /* Main */,
				1459D052204F88EE00BC38BE /* Home */,
				1459D056204F88EE00BC38BE /* Live */,
				1459D04E204F88EE00BC38BE /* Follow */,
				1459D05E204F88EE00BC38BE /* Profile */,
				1459D062204F88EE00BC38BE /* Tools */,
			);
			path = Classes;
			sourceTree = "<group>";
		};
		1459D04E204F88EE00BC38BE /* Follow */ = {
			isa = PBXGroup;
			children = (
				1459D04F204F88EE00BC38BE /* Controller */,
				1459D050204F88EE00BC38BE /* Model */,
				1459D051204F88EE00BC38BE /* View */,
			);
			path = Follow;
			sourceTree = "<group>";
		};
		1459D04F204F88EE00BC38BE /* Controller */ = {
			isa = PBXGroup;
			children = (
				1459D071204F8B1600BC38BE /* YJQFollowViewController.swift */,
			);
			path = Controller;
			sourceTree = "<group>";
		};
		1459D050204F88EE00BC38BE /* Model */ = {
			isa = PBXGroup;
			children = (
			);
			path = Model;
			sourceTree = "<group>";
		};
		1459D051204F88EE00BC38BE /* View */ = {
			isa = PBXGroup;
			children = (
			);
			path = View;
			sourceTree = "<group>";
		};
		1459D052204F88EE00BC38BE /* Home */ = {
			isa = PBXGroup;
			children = (
				1459D053204F88EE00BC38BE /* Controller */,
				1459D054204F88EE00BC38BE /* Model */,
				1459D055204F88EE00BC38BE /* View */,
			);
			path = Home;
			sourceTree = "<group>";
		};
		1459D053204F88EE00BC38BE /* Controller */ = {
			isa = PBXGroup;
			children = (
				1459D06D204F8AF700BC38BE /* YJQHomeViewController.swift */,
				140CD2BA20526123004E0D15 /* YJQRecommandViewController.swift */,
			);
			path = Controller;
			sourceTree = "<group>";
		};
		1459D054204F88EE00BC38BE /* Model */ = {
			isa = PBXGroup;
			children = (
			);
			path = Model;
			sourceTree = "<group>";
		};
		1459D055204F88EE00BC38BE /* View */ = {
			isa = PBXGroup;
			children = (
				140CD2BC20526D53004E0D15 /* YJQHeaderCollectionReusableView.swift */,
			);
			path = View;
			sourceTree = "<group>";
		};
		1459D056204F88EE00BC38BE /* Live */ = {
			isa = PBXGroup;
			children = (
				1459D057204F88EE00BC38BE /* Controller */,
				1459D058204F88EE00BC38BE /* Model */,
				1459D059204F88EE00BC38BE /* View */,
			);
			path = Live;
			sourceTree = "<group>";
		};
		1459D057204F88EE00BC38BE /* Controller */ = {
			isa = PBXGroup;
			children = (
				1459D06F204F8B0600BC38BE /* YJQLiveViewController.swift */,
			);
			path = Controller;
			sourceTree = "<group>";
		};
		1459D058204F88EE00BC38BE /* Model */ = {
			isa = PBXGroup;
			children = (
			);
			path = Model;
			sourceTree = "<group>";
		};
		1459D059204F88EE00BC38BE /* View */ = {
			isa = PBXGroup;
			children = (
			);
			path = View;
			sourceTree = "<group>";
		};
		1459D05A204F88EE00BC38BE /* Main */ = {
			isa = PBXGroup;
			children = (
				1459D05B204F88EE00BC38BE /* Controller */,
				1459D05C204F88EE00BC38BE /* Model */,
				1459D05D204F88EE00BC38BE /* View */,
			);
			path = Main;
			sourceTree = "<group>";
		};
		1459D05B204F88EE00BC38BE /* Controller */ = {
			isa = PBXGroup;
			children = (
				1459D069204F8A7D00BC38BE /* YJQTabBarViewController.swift */,
				1459D06B204F8AA200BC38BE /* YJQNaVViewController.swift */,
			);
			path = Controller;
			sourceTree = "<group>";
		};
		1459D05C204F88EE00BC38BE /* Model */ = {
			isa = PBXGroup;
			children = (
			);
			path = Model;
			sourceTree = "<group>";
		};
		1459D05D204F88EE00BC38BE /* View */ = {
			isa = PBXGroup;
			children = (
				1459D07A204FB4E700BC38BE /* YJQPageTitleView.swift */,
				1459D07E2050D65200BC38BE /* YJQPageContentView.swift */,
			);
			path = View;
			sourceTree = "<group>";
		};
		1459D05E204F88EE00BC38BE /* Profile */ = {
			isa = PBXGroup;
			children = (
				1459D05F204F88EE00BC38BE /* Controller */,
				1459D060204F88EE00BC38BE /* Model */,
				1459D061204F88EE00BC38BE /* View */,
			);
			path = Profile;
			sourceTree = "<group>";
		};
		1459D05F204F88EE00BC38BE /* Controller */ = {
			isa = PBXGroup;
			children = (
				1459D073204F8B2C00BC38BE /* YJQProfileViewController.swift */,
			);
			path = Controller;
			sourceTree = "<group>";
		};
		1459D060204F88EE00BC38BE /* Model */ = {
			isa = PBXGroup;
			children = (
			);
			path = Model;
			sourceTree = "<group>";
		};
		1459D061204F88EE00BC38BE /* View */ = {
			isa = PBXGroup;
			children = (
			);
			path = View;
			sourceTree = "<group>";
		};
		1459D062204F88EE00BC38BE /* Tools */ = {
			isa = PBXGroup;
			children = (
				1459D076204F973200BC38BE /* Common.swift */,
				1459D075204F971200BC38BE /* Extension */,
			);
			path = Tools;
			sourceTree = "<group>";
		};
		1459D075204F971200BC38BE /* Extension */ = {
			isa = PBXGroup;
			children = (
				1459D078204F976E00BC38BE /* UIBarButtonItem+Extension.swift */,
				1459D07C204FB6D400BC38BE /* UIColor+Extension.swift */,
			);
			path = Extension;
			sourceTree = "<group>";
		};
		3EEB471E40E894B6204CFC36 /* Frameworks */ = {
			isa = PBXGroup;
			children = (
				C36ADEFD66C45142A61F7BDC /* Pods_DYZB.framework */,
			);
			name = Frameworks;
			sourceTree = "<group>";
		};
		AA30FD1D8CDCC2182D0B5815 /* Pods */ = {
			isa = PBXGroup;
			children = (
				0041A88368633407CBFC67E1 /* Pods-DYZB.debug.xcconfig */,
				5AC92F7F54D862289D14432E /* Pods-DYZB.release.xcconfig */,
			);
			name = Pods;
			sourceTree = "<group>";
		};
/* End PBXGroup section */

/* Begin PBXNativeTarget section */
		1459D037204F824700BC38BE /* DYZB */ = {
			isa = PBXNativeTarget;
			buildConfigurationList = 1459D04A204F824700BC38BE /* Build configuration list for PBXNativeTarget "DYZB" */;
			buildPhases = (
				D7A094B1CC093045F7916CE4 /* [CP] Check Pods Manifest.lock */,
				1459D034204F824700BC38BE /* Sources */,
				1459D035204F824700BC38BE /* Frameworks */,
				1459D036204F824700BC38BE /* Resources */,
				0363F77144112126A2887C71 /* [CP] Embed Pods Frameworks */,
				92AFBAF1D3B654091FA10AD3 /* [CP] Copy Pods Resources */,
			);
			buildRules = (
			);
			dependencies = (
			);
			name = DYZB;
			productName = DYZB;
			productReference = 1459D038204F824700BC38BE /* DYZB.app */;
			productType = "com.apple.product-type.application";
		};
/* End PBXNativeTarget section */

/* Begin PBXProject section */
		1459D030204F824700BC38BE /* Project object */ = {
			isa = PBXProject;
			attributes = {
				CLASSPREFIX = YJQ;
				LastSwiftUpdateCheck = 0920;
				LastUpgradeCheck = 0920;
				ORGANIZATIONNAME = YJQ;
				TargetAttributes = {
					1459D037204F824700BC38BE = {
						CreatedOnToolsVersion = 9.2;
						ProvisioningStyle = Automatic;
					};
				};
			};
			buildConfigurationList = 1459D033204F824700BC38BE /* Build configuration list for PBXProject "DYZB" */;
			compatibilityVersion = "Xcode 8.0";
			developmentRegion = en;
			hasScannedForEncodings = 0;
			knownRegions = (
				en,
				Base,
			);
			mainGroup = 1459D02F204F824700BC38BE;
			productRefGroup = 1459D039204F824700BC38BE /* Products */;
			projectDirPath = "";
			projectRoot = "";
			targets = (
				1459D037204F824700BC38BE /* DYZB */,
			);
		};
/* End PBXProject section */

/* Begin PBXResourcesBuildPhase section */
		1459D036204F824700BC38BE /* Resources */ = {
			isa = PBXResourcesBuildPhase;
			buildActionMask = 2147483647;
			files = (
				1459D043204F824700BC38BE /* Assets.xcassets in Resources */,
			);
			runOnlyForDeploymentPostprocessing = 0;
		};
/* End PBXResourcesBuildPhase section */

/* Begin PBXShellScriptBuildPhase section */
		0363F77144112126A2887C71 /* [CP] Embed Pods Frameworks */ = {
			isa = PBXShellScriptBuildPhase;
			buildActionMask = 2147483647;
			files = (
			);
			inputPaths = (
				"${SRCROOT}/Pods/Target Support Files/Pods-DYZB/Pods-DYZB-frameworks.sh",
				"${BUILT_PRODUCTS_DIR}/Snap/Snap.framework",
			);
			name = "[CP] Embed Pods Frameworks";
			outputPaths = (
				"${TARGET_BUILD_DIR}/${FRAMEWORKS_FOLDER_PATH}/Snap.framework",
			);
			runOnlyForDeploymentPostprocessing = 0;
			shellPath = /bin/sh;
			shellScript = "\"${SRCROOT}/Pods/Target Support Files/Pods-DYZB/Pods-DYZB-frameworks.sh\"\n";
			showEnvVarsInLog = 0;
		};
		92AFBAF1D3B654091FA10AD3 /* [CP] Copy Pods Resources */ = {
			isa = PBXShellScriptBuildPhase;
			buildActionMask = 2147483647;
			files = (
			);
			inputPaths = (
			);
			name = "[CP] Copy Pods Resources";
			outputPaths = (
			);
			runOnlyForDeploymentPostprocessing = 0;
			shellPath = /bin/sh;
			shellScript = "\"${SRCROOT}/Pods/Target Support Files/Pods-DYZB/Pods-DYZB-resources.sh\"\n";
			showEnvVarsInLog = 0;
		};
		D7A094B1CC093045F7916CE4 /* [CP] Check Pods Manifest.lock */ = {
			isa = PBXShellScriptBuildPhase;
			buildActionMask = 2147483647;
			files = (
			);
			inputPaths = (
				"${PODS_PODFILE_DIR_PATH}/Podfile.lock",
				"${PODS_ROOT}/Manifest.lock",
			);
			name = "[CP] Check Pods Manifest.lock";
			outputPaths = (
				"$(DERIVED_FILE_DIR)/Pods-DYZB-checkManifestLockResult.txt",
			);
			runOnlyForDeploymentPostprocessing = 0;
			shellPath = /bin/sh;
			shellScript = "diff \"${PODS_PODFILE_DIR_PATH}/Podfile.lock\" \"${PODS_ROOT}/Manifest.lock\" > /dev/null\nif [ $? != 0 ] ; then\n    # print error to STDERR\n    echo \"error: The sandbox is not in sync with the Podfile.lock. Run 'pod install' or update your CocoaPods installation.\" >&2\n    exit 1\nfi\n# This output is used by Xcode 'outputs' to avoid re-running this script phase.\necho \"SUCCESS\" > \"${SCRIPT_OUTPUT_FILE_0}\"\n";
			showEnvVarsInLog = 0;
		};
/* End PBXShellScriptBuildPhase section */

/* Begin PBXSourcesBuildPhase section */
		1459D034204F824700BC38BE /* Sources */ = {
			isa = PBXSourcesBuildPhase;
			buildActionMask = 2147483647;
			files = (
				1459D077204F973200BC38BE /* Common.swift in Sources */,
				1459D07B204FB4E700BC38BE /* YJQPageTitleView.swift in Sources */,
				1459D07F2050D65200BC38BE /* YJQPageContentView.swift in Sources */,
				1459D03C204F824700BC38BE /* AppDelegate.swift in Sources */,
				1459D07D204FB6D400BC38BE /* UIColor+Extension.swift in Sources */,
				1459D070204F8B0600BC38BE /* YJQLiveViewController.swift in Sources */,
				1459D06A204F8A7D00BC38BE /* YJQTabBarViewController.swift in Sources */,
				140CD2BD20526D53004E0D15 /* YJQHeaderCollectionReusableView.swift in Sources */,
				1459D06E204F8AF700BC38BE /* YJQHomeViewController.swift in Sources */,
				1459D074204F8B2C00BC38BE /* YJQProfileViewController.swift in Sources */,
				1459D072204F8B1600BC38BE /* YJQFollowViewController.swift in Sources */,
				1459D079204F976E00BC38BE /* UIBarButtonItem+Extension.swift in Sources */,
				1459D06C204F8AA200BC38BE /* YJQNaVViewController.swift in Sources */,
				140CD2BB20526123004E0D15 /* YJQRecommandViewController.swift in Sources */,
			);
			runOnlyForDeploymentPostprocessing = 0;
		};
/* End PBXSourcesBuildPhase section */

/* Begin XCBuildConfiguration section */
		1459D048204F824700BC38BE /* Debug */ = {
			isa = XCBuildConfiguration;
			buildSettings = {
				ALWAYS_SEARCH_USER_PATHS = NO;
				CLANG_ANALYZER_NONNULL = YES;
				CLANG_ANALYZER_NUMBER_OBJECT_CONVERSION = YES_AGGRESSIVE;
				CLANG_CXX_LANGUAGE_STANDARD = "gnu++14";
				CLANG_CXX_LIBRARY = "libc++";
				CLANG_ENABLE_MODULES = YES;
				CLANG_ENABLE_OBJC_ARC = YES;
				CLANG_WARN_BLOCK_CAPTURE_AUTORELEASING = YES;
				CLANG_WARN_BOOL_CONVERSION = YES;
				CLANG_WARN_COMMA = YES;
				CLANG_WARN_CONSTANT_CONVERSION = YES;
				CLANG_WARN_DIRECT_OBJC_ISA_USAGE = YES_ERROR;
				CLANG_WARN_DOCUMENTATION_COMMENTS = YES;
				CLANG_WARN_EMPTY_BODY = YES;
				CLANG_WARN_ENUM_CONVERSION = YES;
				CLANG_WARN_INFINITE_RECURSION = YES;
				CLANG_WARN_INT_CONVERSION = YES;
				CLANG_WARN_NON_LITERAL_NULL_CONVERSION = YES;
				CLANG_WARN_OBJC_LITERAL_CONVERSION = YES;
				CLANG_WARN_OBJC_ROOT_CLASS = YES_ERROR;
				CLANG_WARN_RANGE_LOOP_ANALYSIS = YES;
				CLANG_WARN_STRICT_PROTOTYPES = YES;
				CLANG_WARN_SUSPICIOUS_MOVE = YES;
				CLANG_WARN_UNGUARDED_AVAILABILITY = YES_AGGRESSIVE;
				CLANG_WARN_UNREACHABLE_CODE = YES;
				CLANG_WARN__DUPLICATE_METHOD_MATCH = YES;
				CODE_SIGN_IDENTITY = "iPhone Developer";
				COPY_PHASE_STRIP = NO;
				DEBUG_INFORMATION_FORMAT = dwarf;
				ENABLE_STRICT_OBJC_MSGSEND = YES;
				ENABLE_TESTABILITY = YES;
				GCC_C_LANGUAGE_STANDARD = gnu11;
				GCC_DYNAMIC_NO_PIC = NO;
				GCC_NO_COMMON_BLOCKS = YES;
				GCC_OPTIMIZATION_LEVEL = 0;
				GCC_PREPROCESSOR_DEFINITIONS = (
					"DEBUG=1",
					"$(inherited)",
				);
				GCC_WARN_64_TO_32_BIT_CONVERSION = YES;
				GCC_WARN_ABOUT_RETURN_TYPE = YES_ERROR;
				GCC_WARN_UNDECLARED_SELECTOR = YES;
				GCC_WARN_UNINITIALIZED_AUTOS = YES_AGGRESSIVE;
				GCC_WARN_UNUSED_FUNCTION = YES;
				GCC_WARN_UNUSED_VARIABLE = YES;
				IPHONEOS_DEPLOYMENT_TARGET = 11.2;
				MTL_ENABLE_DEBUG_INFO = YES;
				ONLY_ACTIVE_ARCH = YES;
				SDKROOT = iphoneos;
				SWIFT_ACTIVE_COMPILATION_CONDITIONS = DEBUG;
				SWIFT_OPTIMIZATION_LEVEL = "-Onone";
			};
			name = Debug;
		};
		1459D049204F824700BC38BE /* Release */ = {
			isa = XCBuildConfiguration;
			buildSettings = {
				ALWAYS_SEARCH_USER_PATHS = NO;
				CLANG_ANALYZER_NONNULL = YES;
				CLANG_ANALYZER_NUMBER_OBJECT_CONVERSION = YES_AGGRESSIVE;
				CLANG_CXX_LANGUAGE_STANDARD = "gnu++14";
				CLANG_CXX_LIBRARY = "libc++";
				CLANG_ENABLE_MODULES = YES;
				CLANG_ENABLE_OBJC_ARC = YES;
				CLANG_WARN_BLOCK_CAPTURE_AUTORELEASING = YES;
				CLANG_WARN_BOOL_CONVERSION = YES;
				CLANG_WARN_COMMA = YES;
				CLANG_WARN_CONSTANT_CONVERSION = YES;
				CLANG_WARN_DIRECT_OBJC_ISA_USAGE = YES_ERROR;
				CLANG_WARN_DOCUMENTATION_COMMENTS = YES;
				CLANG_WARN_EMPTY_BODY = YES;
				CLANG_WARN_ENUM_CONVERSION = YES;
				CLANG_WARN_INFINITE_RECURSION = YES;
				CLANG_WARN_INT_CONVERSION = YES;
				CLANG_WARN_NON_LITERAL_NULL_CONVERSION = YES;
				CLANG_WARN_OBJC_LITERAL_CONVERSION = YES;
				CLANG_WARN_OBJC_ROOT_CLASS = YES_ERROR;
				CLANG_WARN_RANGE_LOOP_ANALYSIS = YES;
				CLANG_WARN_STRICT_PROTOTYPES = YES;
				CLANG_WARN_SUSPICIOUS_MOVE = YES;
				CLANG_WARN_UNGUARDED_AVAILABILITY = YES_AGGRESSIVE;
				CLANG_WARN_UNREACHABLE_CODE = YES;
				CLANG_WARN__DUPLICATE_METHOD_MATCH = YES;
				CODE_SIGN_IDENTITY = "iPhone Developer";
				COPY_PHASE_STRIP = NO;
				DEBUG_INFORMATION_FORMAT = "dwarf-with-dsym";
				ENABLE_NS_ASSERTIONS = NO;
				ENABLE_STRICT_OBJC_MSGSEND = YES;
				GCC_C_LANGUAGE_STANDARD = gnu11;
				GCC_NO_COMMON_BLOCKS = YES;
				GCC_WARN_64_TO_32_BIT_CONVERSION = YES;
				GCC_WARN_ABOUT_RETURN_TYPE = YES_ERROR;
				GCC_WARN_UNDECLARED_SELECTOR = YES;
				GCC_WARN_UNINITIALIZED_AUTOS = YES_AGGRESSIVE;
				GCC_WARN_UNUSED_FUNCTION = YES;
				GCC_WARN_UNUSED_VARIABLE = YES;
				IPHONEOS_DEPLOYMENT_TARGET = 11.2;
				MTL_ENABLE_DEBUG_INFO = NO;
				SDKROOT = iphoneos;
				SWIFT_OPTIMIZATION_LEVEL = "-Owholemodule";
				VALIDATE_PRODUCT = YES;
			};
			name = Release;
		};
		1459D04B204F824700BC38BE /* Debug */ = {
			isa = XCBuildConfiguration;
			baseConfigurationReference = 0041A88368633407CBFC67E1 /* Pods-DYZB.debug.xcconfig */;
			buildSettings = {
				ASSETCATALOG_COMPILER_APPICON_NAME = AppIcon;
				ASSETCATALOG_COMPILER_LAUNCHIMAGE_NAME = LaunchImage;
				CODE_SIGN_STYLE = Automatic;
				INFOPLIST_FILE = DYZB/Info.plist;
				LD_RUNPATH_SEARCH_PATHS = "$(inherited) @executable_path/Frameworks";
				PRODUCT_BUNDLE_IDENTIFIER = com.yjq.www.DYZB;
				PRODUCT_NAME = "$(TARGET_NAME)";
				SWIFT_VERSION = 4.0;
				TARGETED_DEVICE_FAMILY = "1,2";
			};
			name = Debug;
		};
		1459D04C204F824700BC38BE /* Release */ = {
			isa = XCBuildConfiguration;
			baseConfigurationReference = 5AC92F7F54D862289D14432E /* Pods-DYZB.release.xcconfig */;
			buildSettings = {
				ASSETCATALOG_COMPILER_APPICON_NAME = AppIcon;
				ASSETCATALOG_COMPILER_LAUNCHIMAGE_NAME = LaunchImage;
				CODE_SIGN_STYLE = Automatic;
				INFOPLIST_FILE = DYZB/Info.plist;
				LD_RUNPATH_SEARCH_PATHS = "$(inherited) @executable_path/Frameworks";
				PRODUCT_BUNDLE_IDENTIFIER = com.yjq.www.DYZB;
				PRODUCT_NAME = "$(TARGET_NAME)";
				SWIFT_VERSION = 4.0;
				TARGETED_DEVICE_FAMILY = "1,2";
			};
			name = Release;
		};
/* End XCBuildConfiguration section */

/* Begin XCConfigurationList section */
		1459D033204F824700BC38BE /* Build configuration list for PBXProject "DYZB" */ = {
			isa = XCConfigurationList;
			buildConfigurations = (
				1459D048204F824700BC38BE /* Debug */,
				1459D049204F824700BC38BE /* Release */,
			);
			defaultConfigurationIsVisible = 0;
			defaultConfigurationName = Release;
		};
		1459D04A204F824700BC38BE /* Build configuration list for PBXNativeTarget "DYZB" */ = {
			isa = XCConfigurationList;
			buildConfigurations = (
				1459D04B204F824700BC38BE /* Debug */,
				1459D04C204F824700BC38BE /* Release */,
			);
			defaultConfigurationIsVisible = 0;
			defaultConfigurationName = Release;
		};
/* End XCConfigurationList section */
	};
	rootObject = 1459D030204F824700BC38BE /* Project object */;
}
